<?xml version="1.0" encoding="utf-8"?>
<Project ToolsVersion="4.0" xmlns="http://schemas.microsoft.com/developer/msbuild/2003">
  <ItemGroup>
    <Filter Include="Source Files">
      <UniqueIdentifier>{4FC737F1-C7A5-4376-A066-2A32D752A2FF}</UniqueIdentifier>
      <Extensions>cpp;c;cc;cxx;def;odl;idl;hpj;bat;asm;asmx</Extensions>
    </Filter>
    <Filter Include="Header Files">
      <UniqueIdentifier>{93995380-89BD-4b04-88EB-625FBE52EBFB}</UniqueIdentifier>
      <Extensions>h;hh;hpp;hxx;hm;inl;inc;xsd</Extensions>
    </Filter>
    <Filter Include="Resource Files">
      <UniqueIdentifier>{67DA6AB6-F800-4c08-8B7A-83BB121AAD01}</UniqueIdentifier>
      <Extensions>rc;ico;cur;bmp;dlg;rc2;rct;bin;rgs;gif;jpg;jpeg;jpe;resx;tiff;tif;png;wav;mfcribbon-ms</Extensions>
    </Filter>
    <Filter Include="DataBase">
      <UniqueIdentifier>{0e5300ff-97ff-49ad-bce0-8d6cc8628ed8}</UniqueIdentifier>
    </Filter>
    <Filter Include="Network">
      <UniqueIdentifier>{e1623f24-a152-4058-bce6-056ee5da34b8}</UniqueIdentifier>
    </Filter>
  </ItemGroup>
  <ItemGroup>
    <Text Include="ReadMe.txt" />
  </ItemGroup>
  <ItemGroup>
    <ClInclude Include="ZClientsManager.h">
      <Filter>Header Files</Filter>
    </ClInclude>
    <ClInclude Include="stdafx.h">
      <Filter>Header Files</Filter>
    </ClInclude>
    <ClInclude Include="targetver.h">
      <Filter>Header Files</Filter>
    </ClInclude>
    <ClInclude Include="MainFrm.h">
      <Filter>Header Files</Filter>
    </ClInclude>
    <ClInclude Include="Resource.h">
      <Filter>Header Files</Filter>
    </ClInclude>
    <ClInclude Include="MainListView.h">
      <Filter>Header Files</Filter>
    </ClInclude>
    <ClInclude Include="StudentInfoDB.h">
      <Filter>DataBase</Filter>
    </ClInclude>
    <ClInclude Include="StudentInfo.h">
      <Filter>DataBase</Filter>
    </ClInclude>
    <ClInclude Include="UserInfo.h">
      <Filter>DataBase</Filter>
    </ClInclude>
    <ClInclude Include="UserInfoDB.h">
      <Filter>DataBase</Filter>
    </ClInclude>
    <ClInclude Include="ZInfoEncrypt.h">
      <Filter>Header Files</Filter>
    </ClInclude>
    <ClInclude Include="ZInfoDesc.h">
      <Filter>Header Files</Filter>
    </ClInclude>
    <ClInclude Include="ZUtility.h">
      <Filter>Header Files</Filter>
    </ClInclude>
    <ClInclude Include="ZLoginDlg.h">
      <Filter>Header Files</Filter>
    </ClInclude>
    <ClInclude Include="ZStuInfoDlg.h">
      <Filter>Header Files</Filter>
    </ClInclude>
    <ClInclude Include="ZCommon.h">
      <Filter>Header Files</Filter>
    </ClInclude>
    <ClInclude Include="ZUserInfoDlg.h">
      <Filter>Header Files</Filter>
    </ClInclude>
    <ClInclude Include="ZStuQryDlg.h">
      <Filter>Header Files</Filter>
    </ClInclude>
    <ClInclude Include="ZDataBase.h">
      <Filter>DataBase</Filter>
    </ClInclude>
    <ClInclude Include="ZMemoryData.h">
      <Filter>Header Files</Filter>
    </ClInclude>
    <ClInclude Include="ZConfirmDlg.h">
      <Filter>Header Files</Filter>
    </ClInclude>
    <ClInclude Include="ZNetwork.h">
      <Filter>Network</Filter>
    </ClInclude>
    <ClInclude Include="ZNetProtocol.h">
      <Filter>Network</Filter>
    </ClInclude>
  </ItemGroup>
  <ItemGroup>
    <ClCompile Include="ZClientsManager.cpp">
      <Filter>Source Files</Filter>
    </ClCompile>
    <ClCompile Include="stdafx.cpp">
      <Filter>Source Files</Filter>
    </ClCompile>
    <ClCompile Include="MainFrm.cpp">
      <Filter>Source Files</Filter>
    </ClCompile>
    <ClCompile Include="MainListView.cpp">
      <Filter>Source Files</Filter>
    </ClCompile>
    <ClCompile Include="StudentInfoDB.cpp">
      <Filter>DataBase</Filter>
    </ClCompile>
    <ClCompile Include="UserInfoDB.cpp">
      <Filter>DataBase</Filter>
    </ClCompile>
    <ClCompile Include="ZInfoEncrypt.cpp">
      <Filter>Source Files</Filter>
    </ClCompile>
    <ClCompile Include="ZUtility.cpp">
      <Filter>Source Files</Filter>
    </ClCompile>
    <ClCompile Include="ZLoginDlg.cpp">
      <Filter>Source Files</Filter>
    </ClCompile>
    <ClCompile Include="ZStuInfoDlg.cpp">
      <Filter>Source Files</Filter>
    </ClCompile>
    <ClCompile Include="ZUserInfoDlg.cpp">
      <Filter>Source Files</Filter>
    </ClCompile>
    <ClCompile Include="ZStuQryDlg.cpp">
      <Filter>Source Files</Filter>
    </ClCompile>
    <ClCompile Include="ZDataBase.cpp">
      <Filter>DataBase</Filter>
    </ClCompile>
    <ClCompile Include="ZMemoryData.cpp">
      <Filter>Source Files</Filter>
    </ClCompile>
    <ClCompile Include="ZConfirmDlg.cpp">
      <Filter>Source Files</Filter>
    </ClCompile>
    <ClCompile Include="ZNetwork.cpp">
      <Filter>Network</Filter>
    </ClCompile>
    <ClCompile Include="ZNetProtocol.cpp">
      <Filter>Network</Filter>
    </ClCompile>
  </ItemGroup>
  <ItemGroup>
    <ResourceCompile Include="ZClientsManager.rc">
      <Filter>Resource Files</Filter>
    </ResourceCompile>
  </ItemGroup>
  <ItemGroup>
    <Image Include="res\info.bmp">
      <Filter>Resource Files</Filter>
    </Image>
    <Image Include="UserImages.bmp">
      <Filter>Resource Files</Filter>
    </Image>
    <Image Include="res\ZClientsManager.ico">
      <Filter>Resource Files</Filter>
    </Image>
    <Image Include="res\Toolbar.bmp">
      <Filter>Resource Files</Filter>
    </Image>
    <Image Include="res\Toolbar256.bmp">
      <Filter>Resource Files</Filter>
    </Image>
    <Image Include="res\aorui2.bmp">
      <Filter>Resource Files</Filter>
    </Image>
    <Image Include="res\AoruiApp.ico">
      <Filter>Resource Files</Filter>
    </Image>
    <Image Include="res\AoruiAppBig.ico">
      <Filter>Resource Files</Filter>
    </Image>
    <Image Include="res\AoruiBitmap.bmp">
      <Filter>Resource Files</Filter>
    </Image>
    <Image Include="res\zclientmanager.bmp">
      <Filter>Resource Files</Filter>
    </Image>
    <Image Include="res\toolbar1.bmp">
      <Filter>Resource Files</Filter>
    </Image>
    <Image Include="res\zclientmanager.60.bmp">
      <Filter>Resource Files</Filter>
    </Image>
  </ItemGroup>
  <ItemGroup>
    <None Include="res\ZClientsManager.rc2">
      <Filter>Resource Files</Filter>
    </None>
  </ItemGroup>
</Project>